
Microsoft Visual Studio Solution File, Format Version 12.00
# Visual Studio Version 17
VisualStudioVersion = 17.6.33815.320
MinimumVisualStudioVersion = 10.0.40219.1
Project("{FAE04EC0-301F-11D3-BF4B-00C04F79EFBC}") = "Catalgoue.Android", "Catalgoue.Android\Catalgoue.Android.csproj", "{D9D7DE88-6ADF-4FFE-8E63-D287BCF3EF8C}"
EndProject
Project("{FAE04EC0-301F-11D3-BF4B-00C04F79EFBC}") = "Catalgoue.iOS", "Catalgoue.iOS\Catalgoue.iOS.csproj", "{C18859AE-A6B0-44E3-B1EC-B97B128E7554}"
EndProject
Project("{FAE04EC0-301F-11D3-BF4B-00C04F79EFBC}") = "Catalgoue", "Catalgoue\Catalgoue.csproj", "{E4E9A237-E483-4F79-829C-ADCBFE367963}"
EndProject
Global
	GlobalSection(SolutionConfigurationPlatforms) = preSolution
		Debug|Any CPU = Debug|Any CPU
		Debug|iPhone = Debug|iPhone
		Debug|iPhoneSimulator = Debug|iPhoneSimulator
		Release|Any CPU = Release|Any CPU
		Release|iPhone = Release|iPhone
		Release|iPhoneSimulator = Release|iPhoneSimulator
	EndGlobalSection
	GlobalSection(ProjectConfigurationPlatforms) = postSolution
		{D9D7DE88-6ADF-4FFE-8E63-D287BCF3EF8C}.Debug|Any CPU.ActiveCfg = Debug|Any CPU
		{D9D7DE88-6ADF-4FFE-8E63-D287BCF3EF8C}.Debug|Any CPU.Build.0 = Debug|Any CPU
		{D9D7DE88-6ADF-4FFE-8E63-D287BCF3EF8C}.Debug|Any CPU.Deploy.0 = Debug|Any CPU
		{D9D7DE88-6ADF-4FFE-8E63-D287BCF3EF8C}.Debug|iPhone.ActiveCfg = Debug|Any CPU
		{D9D7DE88-6ADF-4FFE-8E63-D287BCF3EF8C}.Debug|iPhone.Build.0 = Debug|Any CPU
		{D9D7DE88-6ADF-4FFE-8E63-D287BCF3EF8C}.Debug|iPhone.Deploy.0 = Debug|Any CPU
		{D9D7DE88-6ADF-4FFE-8E63-D287BCF3EF8C}.Debug|iPhoneSimulator.ActiveCfg = Debug|Any CPU
		{D9D7DE88-6ADF-4FFE-8E63-D287BCF3EF8C}.Debug|iPhoneSimulator.Build.0 = Debug|Any CPU
		{D9D7DE88-6ADF-4FFE-8E63-D287BCF3EF8C}.Debug|iPhoneSimulator.Deploy.0 = Debug|Any CPU
		{D9D7DE88-6ADF-4FFE-8E63-D287BCF3EF8C}.Release|Any CPU.ActiveCfg = Release|Any CPU
		{D9D7DE88-6ADF-4FFE-8E63-D287BCF3EF8C}.Release|Any CPU.Build.0 = Release|Any CPU
		{D9D7DE88-6ADF-4FFE-8E63-D287BCF3EF8C}.Release|Any CPU.Deploy.0 = Release|Any CPU
		{D9D7DE88-6ADF-4FFE-8E63-D287BCF3EF8C}.Release|iPhone.ActiveCfg = Release|Any CPU
		{D9D7DE88-6ADF-4FFE-8E63-D287BCF3EF8C}.Release|iPhone.Build.0 = Release|Any CPU
		{D9D7DE88-6ADF-4FFE-8E63-D287BCF3EF8C}.Release|iPhone.Deploy.0 = Release|Any CPU
		{D9D7DE88-6ADF-4FFE-8E63-D287BCF3EF8C}.Release|iPhoneSimulator.ActiveCfg = Release|Any CPU
		{D9D7DE88-6ADF-4FFE-8E63-D287BCF3EF8C}.Release|iPhoneSimulator.Build.0 = Release|Any CPU
		{D9D7DE88-6ADF-4FFE-8E63-D287BCF3EF8C}.Release|iPhoneSimulator.Deploy.0 = Release|Any CPU
		{C18859AE-A6B0-44E3-B1EC-B97B128E7554}.Debug|Any CPU.ActiveCfg = Debug|iPhone
		{C18859AE-A6B0-44E3-B1EC-B97B128E7554}.Debug|Any CPU.Build.0 = Debug|iPhone
		{C18859AE-A6B0-44E3-B1EC-B97B128E7554}.Debug|Any CPU.Deploy.0 = Debug|iPhone
		{C18859AE-A6B0-44E3-B1EC-B97B128E7554}.Debug|iPhone.ActiveCfg = Debug|iPhone
		{C18859AE-A6B0-44E3-B1EC-B97B128E7554}.Debug|iPhone.Build.0 = Debug|iPhone
		{C18859AE-A6B0-44E3-B1EC-B97B128E7554}.Debug|iPhone.Deploy.0 = Debug|iPhone
		{C18859AE-A6B0-44E3-B1EC-B97B128E7554}.Debug|iPhoneSimulator.ActiveCfg = Debug|iPhoneSimulator
		{C18859AE-A6B0-44E3-B1EC-B97B128E7554}.Debug|iPhoneSimulator.Build.0 = Debug|iPhoneSimulator
		{C18859AE-A6B0-44E3-B1EC-B97B128E7554}.Debug|iPhoneSimulator.Deploy.0 = Debug|iPhoneSimulator
		{C18859AE-A6B0-44E3-B1EC-B97B128E7554}.Release|Any CPU.ActiveCfg = Release|iPhoneSimulator
		{C18859AE-A6B0-44E3-B1EC-B97B128E7554}.Release|Any CPU.Build.0 = Release|iPhoneSimulator
		{C18859AE-A6B0-44E3-B1EC-B97B128E7554}.Release|Any CPU.Deploy.0 = Release|iPhoneSimulator
		{C18859AE-A6B0-44E3-B1EC-B97B128E7554}.Release|iPhone.ActiveCfg = Release|iPhone
		{C18859AE-A6B0-44E3-B1EC-B97B128E7554}.Release|iPhone.Build.0 = Release|iPhone
		{C18859AE-A6B0-44E3-B1EC-B97B128E7554}.Release|iPhone.Deploy.0 = Release|iPhone
		{C18859AE-A6B0-44E3-B1EC-B97B128E7554}.Release|iPhoneSimulator.ActiveCfg = Release|iPhoneSimulator
		{C18859AE-A6B0-44E3-B1EC-B97B128E7554}.Release|iPhoneSimulator.Build.0 = Release|iPhoneSimulator
		{C18859AE-A6B0-44E3-B1EC-B97B128E7554}.Release|iPhoneSimulator.Deploy.0 = Release|iPhoneSimulator
		{E4E9A237-E483-4F79-829C-ADCBFE367963}.Debug|Any CPU.ActiveCfg = Debug|Any CPU
		{E4E9A237-E483-4F79-829C-ADCBFE367963}.Debug|Any CPU.Build.0 = Debug|Any CPU
		{E4E9A237-E483-4F79-829C-ADCBFE367963}.Debug|Any CPU.Deploy.0 = Debug|Any CPU
		{E4E9A237-E483-4F79-829C-ADCBFE367963}.Debug|iPhone.ActiveCfg = Debug|Any CPU
		{E4E9A237-E483-4F79-829C-ADCBFE367963}.Debug|iPhone.Build.0 = Debug|Any CPU
		{E4E9A237-E483-4F79-829C-ADCBFE367963}.Debug|iPhone.Deploy.0 = Debug|Any CPU
		{E4E9A237-E483-4F79-829C-ADCBFE367963}.Debug|iPhoneSimulator.ActiveCfg = Debug|Any CPU
		{E4E9A237-E483-4F79-829C-ADCBFE367963}.Debug|iPhoneSimulator.Build.0 = Debug|Any CPU
		{E4E9A237-E483-4F79-829C-ADCBFE367963}.Debug|iPhoneSimulator.Deploy.0 = Debug|Any CPU
		{E4E9A237-E483-4F79-829C-ADCBFE367963}.Release|Any CPU.ActiveCfg = Release|Any CPU
		{E4E9A237-E483-4F79-829C-ADCBFE367963}.Release|Any CPU.Build.0 = Release|Any CPU
		{E4E9A237-E483-4F79-829C-ADCBFE367963}.Release|Any CPU.Deploy.0 = Release|Any CPU
		{E4E9A237-E483-4F79-829C-ADCBFE367963}.Release|iPhone.ActiveCfg = Release|Any CPU
		{E4E9A237-E483-4F79-829C-ADCBFE367963}.Release|iPhone.Build.0 = Release|Any CPU
		{E4E9A237-E483-4F79-829C-ADCBFE367963}.Release|iPhone.Deploy.0 = Release|Any CPU
		{E4E9A237-E483-4F79-829C-ADCBFE367963}.Release|iPhoneSimulator.ActiveCfg = Release|Any CPU
		{E4E9A237-E483-4F79-829C-ADCBFE367963}.Release|iPhoneSimulator.Build.0 = Release|Any CPU
		{E4E9A237-E483-4F79-829C-ADCBFE367963}.Release|iPhoneSimulator.Deploy.0 = Release|Any CPU
	EndGlobalSection
	GlobalSection(SolutionProperties) = preSolution
		HideSolutionNode = FALSE
	EndGlobalSection
	GlobalSection(ExtensibilityGlobals) = postSolution
		SolutionGuid = {0BCE95D8-496D-4D41-9E8A-B44F6A1000D6}
	EndGlobalSection
EndGlobal
